
Microsoft Visual Studio Solution File, Format Version 12.00
# Visual Studio Version 16
VisualStudioVersion = 16.0.29806.167
MinimumVisualStudioVersion = 10.0.40219.1
Project("{9A19103F-16F7-4668-BE54-9A1E7A4F7556}") = "Raunstrup.Api", "Raunstrup.Api\Raunstrup.Api.csproj", "{E02CCC95-E0A8-4F07-902A-D3DEF8B7E64F}"
EndProject
Project("{9A19103F-16F7-4668-BE54-9A1E7A4F7556}") = "Raunstrup.BusinessLogic", "Raunstrup.BusinessLogic\Raunstrup.BusinessLogic.csproj", "{91A8490F-8F28-47C4-A375-B4641534BD6F}"
EndProject
Project("{9A19103F-16F7-4668-BE54-9A1E7A4F7556}") = "Raunstrup.Contract", "Raunstrup.Contract\Raunstrup.Contract.csproj", "{41896EFB-505A-4028-9E82-5EAFF596E011}"
EndProject
Project("{9A19103F-16F7-4668-BE54-9A1E7A4F7556}") = "Raunstrup.DataAccess", "Raunstrup.DataAccess\Raunstrup.DataAccess.csproj", "{B250F908-B4AE-4687-AA80-1F39BE9F2DBF}"
EndProject
Project("{9A19103F-16F7-4668-BE54-9A1E7A4F7556}") = "Raunstrup.UI", "Raunstrup.UI\Raunstrup.UI.csproj", "{BCEC4287-6096-4F0B-B4A6-DE3E4DDE7AF2}"
EndProject
Global
	GlobalSection(SolutionConfigurationPlatforms) = preSolution
		Debug|Any CPU = Debug|Any CPU
		Release|Any CPU = Release|Any CPU
	EndGlobalSection
	GlobalSection(ProjectConfigurationPlatforms) = postSolution
		{E02CCC95-E0A8-4F07-902A-D3DEF8B7E64F}.Debug|Any CPU.ActiveCfg = Debug|Any CPU
		{E02CCC95-E0A8-4F07-902A-D3DEF8B7E64F}.Debug|Any CPU.Build.0 = Debug|Any CPU
		{E02CCC95-E0A8-4F07-902A-D3DEF8B7E64F}.Release|Any CPU.ActiveCfg = Release|Any CPU
		{E02CCC95-E0A8-4F07-902A-D3DEF8B7E64F}.Release|Any CPU.Build.0 = Release|Any CPU
		{91A8490F-8F28-47C4-A375-B4641534BD6F}.Debug|Any CPU.ActiveCfg = Debug|Any CPU
		{91A8490F-8F28-47C4-A375-B4641534BD6F}.Debug|Any CPU.Build.0 = Debug|Any CPU
		{91A8490F-8F28-47C4-A375-B4641534BD6F}.Release|Any CPU.ActiveCfg = Release|Any CPU
		{91A8490F-8F28-47C4-A375-B4641534BD6F}.Release|Any CPU.Build.0 = Release|Any CPU
		{41896EFB-505A-4028-9E82-5EAFF596E011}.Debug|Any CPU.ActiveCfg = Debug|Any CPU
		{41896EFB-505A-4028-9E82-5EAFF596E011}.Debug|Any CPU.Build.0 = Debug|Any CPU
		{41896EFB-505A-4028-9E82-5EAFF596E011}.Release|Any CPU.ActiveCfg = Release|Any CPU
		{41896EFB-505A-4028-9E82-5EAFF596E011}.Release|Any CPU.Build.0 = Release|Any CPU
		{B250F908-B4AE-4687-AA80-1F39BE9F2DBF}.Debug|Any CPU.ActiveCfg = Debug|Any CPU
		{B250F908-B4AE-4687-AA80-1F39BE9F2DBF}.Debug|Any CPU.Build.0 = Debug|Any CPU
		{B250F908-B4AE-4687-AA80-1F39BE9F2DBF}.Release|Any CPU.ActiveCfg = Release|Any CPU
		{B250F908-B4AE-4687-AA80-1F39BE9F2DBF}.Release|Any CPU.Build.0 = Release|Any CPU
		{BCEC4287-6096-4F0B-B4A6-DE3E4DDE7AF2}.Debug|Any CPU.ActiveCfg = Debug|Any CPU
		{BCEC4287-6096-4F0B-B4A6-DE3E4DDE7AF2}.Debug|Any CPU.Build.0 = Debug|Any CPU
		{BCEC4287-6096-4F0B-B4A6-DE3E4DDE7AF2}.Release|Any CPU.ActiveCfg = Release|Any CPU
		{BCEC4287-6096-4F0B-B4A6-DE3E4DDE7AF2}.Release|Any CPU.Build.0 = Release|Any CPU
	EndGlobalSection
	GlobalSection(SolutionProperties) = preSolution
		HideSolutionNode = FALSE
	EndGlobalSection
	GlobalSection(ExtensibilityGlobals) = postSolution
		SolutionGuid = {D165BC42-FE1C-4DC2-9B69-FC03DB6067F0}
	EndGlobalSection
EndGlobal
